
Microsoft Visual Studio Solution File, Format Version 12.00
# Visual Studio Version 17
VisualStudioVersion = 17.13.35919.96 d17.13
MinimumVisualStudioVersion = 10.0.40219.1
Project("{8BC9CEB8-8B4A-11D0-8D11-00A0C91BC942}") = "1.Expression", "Expression\Expression.vcxproj", "{09FB6078-EDE8-4B9F-AEE8-AE9821446F4A}"
EndProject
Project("{8BC9CEB8-8B4A-11D0-8D11-00A0C91BC942}") = "2.Nums1To20", "2.Nums1To20\2.Nums1To20.vcxproj", "{7577FA8E-7FEB-40B0-A7BE-502D8EDF60FA}"
EndProject
Project("{8BC9CEB8-8B4A-11D0-8D11-00A0C91BC942}") = "3.TriangleOf55Stars", "3.TriangleOf55Stars\3.TriangleOf55Stars.vcxproj", "{BACF0114-7403-4FC7-827D-7AEF3239BDE5}"
EndProject
Project("{8BC9CEB8-8B4A-11D0-8D11-00A0C91BC942}") = "4.AreaOfARectangle", "4.AreaOfARectangle\4.AreaOfARectangle.vcxproj", "{1F3BED9A-AC74-4AD3-886F-806078795093}"
EndProject
Global
	GlobalSection(SolutionConfigurationPlatforms) = preSolution
		Debug|x64 = Debug|x64
		Debug|x86 = Debug|x86
		Release|x64 = Release|x64
		Release|x86 = Release|x86
	EndGlobalSection
	GlobalSection(ProjectConfigurationPlatforms) = postSolution
		{09FB6078-EDE8-4B9F-AEE8-AE9821446F4A}.Debug|x64.ActiveCfg = Debug|x64
		{09FB6078-EDE8-4B9F-AEE8-AE9821446F4A}.Debug|x64.Build.0 = Debug|x64
		{09FB6078-EDE8-4B9F-AEE8-AE9821446F4A}.Debug|x86.ActiveCfg = Debug|Win32
		{09FB6078-EDE8-4B9F-AEE8-AE9821446F4A}.Debug|x86.Build.0 = Debug|Win32
		{09FB6078-EDE8-4B9F-AEE8-AE9821446F4A}.Release|x64.ActiveCfg = Release|x64
		{09FB6078-EDE8-4B9F-AEE8-AE9821446F4A}.Release|x64.Build.0 = Release|x64
		{09FB6078-EDE8-4B9F-AEE8-AE9821446F4A}.Release|x86.ActiveCfg = Release|Win32
		{09FB6078-EDE8-4B9F-AEE8-AE9821446F4A}.Release|x86.Build.0 = Release|Win32
		{7577FA8E-7FEB-40B0-A7BE-502D8EDF60FA}.Debug|x64.ActiveCfg = Debug|x64
		{7577FA8E-7FEB-40B0-A7BE-502D8EDF60FA}.Debug|x64.Build.0 = Debug|x64
		{7577FA8E-7FEB-40B0-A7BE-502D8EDF60FA}.Debug|x86.ActiveCfg = Debug|Win32
		{7577FA8E-7FEB-40B0-A7BE-502D8EDF60FA}.Debug|x86.Build.0 = Debug|Win32
		{7577FA8E-7FEB-40B0-A7BE-502D8EDF60FA}.Release|x64.ActiveCfg = Release|x64
		{7577FA8E-7FEB-40B0-A7BE-502D8EDF60FA}.Release|x64.Build.0 = Release|x64
		{7577FA8E-7FEB-40B0-A7BE-502D8EDF60FA}.Release|x86.ActiveCfg = Release|Win32
		{7577FA8E-7FEB-40B0-A7BE-502D8EDF60FA}.Release|x86.Build.0 = Release|Win32
		{BACF0114-7403-4FC7-827D-7AEF3239BDE5}.Debug|x64.ActiveCfg = Debug|x64
		{BACF0114-7403-4FC7-827D-7AEF3239BDE5}.Debug|x64.Build.0 = Debug|x64
		{BACF0114-7403-4FC7-827D-7AEF3239BDE5}.Debug|x86.ActiveCfg = Debug|Win32
		{BACF0114-7403-4FC7-827D-7AEF3239BDE5}.Debug|x86.Build.0 = Debug|Win32
		{BACF0114-7403-4FC7-827D-7AEF3239BDE5}.Release|x64.ActiveCfg = Release|x64
		{BACF0114-7403-4FC7-827D-7AEF3239BDE5}.Release|x64.Build.0 = Release|x64
		{BACF0114-7403-4FC7-827D-7AEF3239BDE5}.Release|x86.ActiveCfg = Release|Win32
		{BACF0114-7403-4FC7-827D-7AEF3239BDE5}.Release|x86.Build.0 = Release|Win32
		{1F3BED9A-AC74-4AD3-886F-806078795093}.Debug|x64.ActiveCfg = Debug|x64
		{1F3BED9A-AC74-4AD3-886F-806078795093}.Debug|x64.Build.0 = Debug|x64
		{1F3BED9A-AC74-4AD3-886F-806078795093}.Debug|x86.ActiveCfg = Debug|Win32
		{1F3BED9A-AC74-4AD3-886F-806078795093}.Debug|x86.Build.0 = Debug|Win32
		{1F3BED9A-AC74-4AD3-886F-806078795093}.Release|x64.ActiveCfg = Release|x64
		{1F3BED9A-AC74-4AD3-886F-806078795093}.Release|x64.Build.0 = Release|x64
		{1F3BED9A-AC74-4AD3-886F-806078795093}.Release|x86.ActiveCfg = Release|Win32
		{1F3BED9A-AC74-4AD3-886F-806078795093}.Release|x86.Build.0 = Release|Win32
	EndGlobalSection
	GlobalSection(SolutionProperties) = preSolution
		HideSolutionNode = FALSE
	EndGlobalSection
	GlobalSection(ExtensibilityGlobals) = postSolution
		SolutionGuid = {9099BCA7-6EBC-4CA4-9ED1-7053017F82B2}
	EndGlobalSection
EndGlobal
